
Microsoft Visual Studio Solution File, Format Version 12.00
# Visual Studio 15
VisualStudioVersion = 15.0.28307.168
MinimumVisualStudioVersion = 10.0.40219.1
Project("{FAE04EC0-301F-11D3-BF4B-00C04F79EFBC}") = "ProyectoWeb", "ProyectoWeb\ProyectoWeb.csproj", "{918C4633-0DE4-44AE-BBD1-A9986FD841AF}"
EndProject
Project("{FAE04EC0-301F-11D3-BF4B-00C04F79EFBC}") = "ProyectoWS", "ProyectoWS\ProyectoWS.csproj", "{C1F849E3-CDB4-4C00-A4D1-944F44D0973E}"
EndProject
Project("{2150E333-8FDC-42A3-9474-1A3956D46DE8}") = "recursos", "recursos", "{7DEAED11-5686-4107-9459-B4C3512F5B08}"
	ProjectSection(SolutionItems) = preProject
		recursos\Ejercicio final.xmind = recursos\Ejercicio final.xmind
		scripts.sql = scripts.sql
	EndProjectSection
EndProject
Global
	GlobalSection(SolutionConfigurationPlatforms) = preSolution
		Debug|Any CPU = Debug|Any CPU
		Release|Any CPU = Release|Any CPU
	EndGlobalSection
	GlobalSection(ProjectConfigurationPlatforms) = postSolution
		{918C4633-0DE4-44AE-BBD1-A9986FD841AF}.Debug|Any CPU.ActiveCfg = Debug|Any CPU
		{918C4633-0DE4-44AE-BBD1-A9986FD841AF}.Debug|Any CPU.Build.0 = Debug|Any CPU
		{918C4633-0DE4-44AE-BBD1-A9986FD841AF}.Release|Any CPU.ActiveCfg = Release|Any CPU
		{918C4633-0DE4-44AE-BBD1-A9986FD841AF}.Release|Any CPU.Build.0 = Release|Any CPU
		{C1F849E3-CDB4-4C00-A4D1-944F44D0973E}.Debug|Any CPU.ActiveCfg = Debug|Any CPU
		{C1F849E3-CDB4-4C00-A4D1-944F44D0973E}.Debug|Any CPU.Build.0 = Debug|Any CPU
		{C1F849E3-CDB4-4C00-A4D1-944F44D0973E}.Release|Any CPU.ActiveCfg = Release|Any CPU
		{C1F849E3-CDB4-4C00-A4D1-944F44D0973E}.Release|Any CPU.Build.0 = Release|Any CPU
	EndGlobalSection
	GlobalSection(SolutionProperties) = preSolution
		HideSolutionNode = FALSE
	EndGlobalSection
	GlobalSection(ExtensibilityGlobals) = postSolution
		SolutionGuid = {ADD96614-36AF-476C-A4F2-A478E9AAC21A}
	EndGlobalSection
EndGlobal
